
Microsoft Visual Studio Solution File, Format Version 12.00
# Visual Studio Version 17
VisualStudioVersion = 17.8.34330.188
MinimumVisualStudioVersion = 10.0.40219.1
Project("{FAE04EC0-301F-11D3-BF4B-00C04F79EFBC}") = "Inheritance_Project", "Inheritance_Project\Inheritance_Project.csproj", "{A56A6C4A-7A88-490E-A2B7-D03629D02D26}"
EndProject
Global
	GlobalSection(SolutionConfigurationPlatforms) = preSolution
		Debug|Any CPU = Debug|Any CPU
		Release|Any CPU = Release|Any CPU
	EndGlobalSection
	GlobalSection(ProjectConfigurationPlatforms) = postSolution
		{A56A6C4A-7A88-490E-A2B7-D03629D02D26}.Debug|Any CPU.ActiveCfg = Debug|Any CPU
		{A56A6C4A-7A88-490E-A2B7-D03629D02D26}.Debug|Any CPU.Build.0 = Debug|Any CPU
		{A56A6C4A-7A88-490E-A2B7-D03629D02D26}.Release|Any CPU.ActiveCfg = Release|Any CPU
		{A56A6C4A-7A88-490E-A2B7-D03629D02D26}.Release|Any CPU.Build.0 = Release|Any CPU
	EndGlobalSection
	GlobalSection(SolutionProperties) = preSolution
		HideSolutionNode = FALSE
	EndGlobalSection
	GlobalSection(ExtensibilityGlobals) = postSolution
		SolutionGuid = {BE7B1F99-6675-474D-934D-9BA7542B7FF2}
	EndGlobalSection
EndGlobal
